
Microsoft Visual Studio Solution File, Format Version 12.00
# Visual Studio Version 17
VisualStudioVersion = 17.4.33213.308
MinimumVisualStudioVersion = 10.0.40219.1
Project("{FAE04EC0-301F-11D3-BF4B-00C04F79EFBC}") = "EJERCICIO-9-2-GRIPVIEW", "EJERCICIO-9-2-GRIPVIEW\EJERCICIO-9-2-GRIPVIEW.csproj", "{7316B7C8-6216-4DCB-A0B2-02F737F9AD6D}"
EndProject
Global
	GlobalSection(SolutionConfigurationPlatforms) = preSolution
		Debug|Any CPU = Debug|Any CPU
		Release|Any CPU = Release|Any CPU
	EndGlobalSection
	GlobalSection(ProjectConfigurationPlatforms) = postSolution
		{7316B7C8-6216-4DCB-A0B2-02F737F9AD6D}.Debug|Any CPU.ActiveCfg = Debug|Any CPU
		{7316B7C8-6216-4DCB-A0B2-02F737F9AD6D}.Debug|Any CPU.Build.0 = Debug|Any CPU
		{7316B7C8-6216-4DCB-A0B2-02F737F9AD6D}.Release|Any CPU.ActiveCfg = Release|Any CPU
		{7316B7C8-6216-4DCB-A0B2-02F737F9AD6D}.Release|Any CPU.Build.0 = Release|Any CPU
	EndGlobalSection
	GlobalSection(SolutionProperties) = preSolution
		HideSolutionNode = FALSE
	EndGlobalSection
	GlobalSection(ExtensibilityGlobals) = postSolution
		SolutionGuid = {8CF0FD34-7C9F-4EDB-81C2-45927DAD132B}
	EndGlobalSection
EndGlobal
